{
  "version": 4,
  "terraform_version": "1.12.2",
  "serial": 8,
  "lineage": "f39c4b71-0fa1-e601-3c59-7ad971239cb4",
  "outputs": {
    "application_urls_tf": {
      "value": {
        "app_health_check": "http://54.172.231.52:30000/health",
        "grafana": "http://54.172.231.52:30300",
        "pgadmin": "http://54.172.231.52:30080",
        "prometheus": "http://54.172.231.52:30090"
      },
      "type": [
        "object",
        {
          "app_health_check": "string",
          "grafana": "string",
          "pgadmin": "string",
          "prometheus": "string"
        }
      ]
    },
    "cost_estimate_tf": {
      "value": {
        "data_transfer": "~$0.00/month (Free Tier: 15GB/month)",
        "ebs_storage": "~$0.00/month (Free Tier: 30GB/month)",
        "ec2_instance": "~$0.00/month (Free Tier: 750 hours/month)",
        "note": "Costs may apply after Free Tier period or if usage exceeds limits",
        "total_estimate": "~$0.00/month (Free Tier eligible)"
      },
      "type": [
        "object",
        {
          "data_transfer": "string",
          "ebs_storage": "string",
          "ec2_instance": "string",
          "note": "string",
          "total_estimate": "string"
        }
      ]
    },
    "ecr_repository_url": {
      "value": "ECR not created",
      "type": "string"
    },
    "ecr_repository_url_tf": {
      "value": "ECR repository not created",
      "type": "string"
    },
    "instance_id": {
      "value": "i-0dcb079e6a095db44",
      "type": "string"
    },
    "instance_id_tf": {
      "value": "i-0dcb079e6a095db44",
      "type": "string"
    },
    "instance_public_ip": {
      "value": "54.172.231.52",
      "type": "string"
    },
    "instance_public_ip_tf": {
      "value": "54.172.231.52",
      "type": "string"
    },
    "kubectl_command_tf": {
      "value": "scp -i ~/.ssh/my-key-pair.pem ec2-user@54.172.231.52:/etc/rancher/k3s/k3s.yaml ~/.kube/config",
      "type": "string"
    },
    "security_group_id_tf": {
      "value": "sg-0d04062039fdd1166",
      "type": "string"
    },
    "ssh_command_tf": {
      "value": "ssh -i ~/.ssh/my-key-pair.pem ec2-user@54.172.231.52",
      "type": "string"
    },
    "subnet_id": {
      "value": "subnet-09f7deb10c9cecd98",
      "type": "string"
    },
    "subnet_id_tf": {
      "value": "subnet-09f7deb10c9cecd98",
      "type": "string"
    },
    "vpc_id": {
      "value": "vpc-004a7546c78ff4a5f",
      "type": "string"
    },
    "vpc_id_tf": {
      "value": "vpc-004a7546c78ff4a5f",
      "type": "string"
    }
  },
  "resources": [
    {
      "mode": "data",
      "type": "aws_ami",
      "name": "amazon_linux",
      "provider": "provider[\"registry.terraform.io/hashicorp/aws\"]",
      "instances": [
        {
          "schema_version": 0,
          "attributes": {
            "architecture": "x86_64",
            "arn": "arn:aws:ec2:us-east-1::image/ami-0e2c86481225d3c51",
            "block_device_mappings": [
              {
                "device_name": "/dev/xvda",
                "ebs": {
                  "delete_on_termination": "true",
                  "encrypted": "false",
                  "iops": "0",
                  "snapshot_id": "snap-05a1692e16f3465af",
                  "throughput": "0",
                  "volume_initialization_rate": "0",
                  "volume_size": "8",
                  "volume_type": "gp2"
                },
                "no_device": "",
                "virtual_name": ""
              }
            ],
            "boot_mode": "",
            "creation_date": "2025-08-08T20:33:28.000Z",
            "deprecation_time": "2025-11-06T20:33:00.000Z",
            "description": "Amazon Linux 2 AMI 2.0.20250808.1 x86_64 HVM gp2",
            "ena_support": true,
            "executable_users": null,
            "filter": [
              {
                "name": "name",
                "values": [
                  "amzn2-ami-hvm-*-x86_64-gp2"
                ]
              },
              {
                "name": "virtualization-type",
                "values": [
                  "hvm"
                ]
              }
            ],
            "hypervisor": "xen",
            "id": "ami-0e2c86481225d3c51",
            "image_id": "ami-0e2c86481225d3c51",
            "image_location": "amazon/amzn2-ami-hvm-2.0.20250808.1-x86_64-gp2",
            "image_owner_alias": "amazon",
            "image_type": "machine",
            "imds_support": "",
            "include_deprecated": false,
            "kernel_id": "",
            "last_launched_time": "",
            "most_recent": true,
            "name": "amzn2-ami-hvm-2.0.20250808.1-x86_64-gp2",
            "name_regex": null,
            "owner_id": "137112412989",
            "owners": [
              "amazon"
            ],
            "platform": "",
            "platform_details": "Linux/UNIX",
            "product_codes": [],
            "public": true,
            "ramdisk_id": "",
            "root_device_name": "/dev/xvda",
            "root_device_type": "ebs",
            "root_snapshot_id": "snap-05a1692e16f3465af",
            "sriov_net_support": "simple",
            "state": "available",
            "state_reason": {
              "code": "UNSET",
              "message": "UNSET"
            },
            "tags": {},
            "timeouts": null,
            "tpm_support": "",
            "uefi_data": null,
            "usage_operation": "RunInstances",
            "virtualization_type": "hvm"
          },
          "sensitive_attributes": [],
          "identity_schema_version": 0
        }
      ]
    },
    {
      "mode": "managed",
      "type": "aws_instance",
      "name": "k3s",
      "provider": "provider[\"registry.terraform.io/hashicorp/aws\"]",
      "instances": [
        {
          "schema_version": 1,
          "attributes": {
            "ami": "ami-0e2c86481225d3c51",
            "arn": "arn:aws:ec2:us-east-1:911902230729:instance/i-0dcb079e6a095db44",
            "associate_public_ip_address": true,
            "availability_zone": "us-east-1a",
            "capacity_reservation_specification": [
              {
                "capacity_reservation_preference": "open",
                "capacity_reservation_target": []
              }
            ],
            "cpu_core_count": 1,
            "cpu_options": [
              {
                "amd_sev_snp": "",
                "core_count": 1,
                "threads_per_core": 2
              }
            ],
            "cpu_threads_per_core": 2,
            "credit_specification": [
              {
                "cpu_credits": "unlimited"
              }
            ],
            "disable_api_stop": false,
            "disable_api_termination": false,
            "ebs_block_device": [],
            "ebs_optimized": false,
            "enable_primary_ipv6": null,
            "enclave_options": [
              {
                "enabled": false
              }
            ],
            "ephemeral_block_device": [],
            "get_password_data": false,
            "hibernation": false,
            "host_id": "",
            "host_resource_group_arn": null,
            "iam_instance_profile": "",
            "id": "i-0dcb079e6a095db44",
            "instance_initiated_shutdown_behavior": "stop",
            "instance_lifecycle": "",
            "instance_market_options": [],
            "instance_state": "running",
            "instance_type": "t3.micro",
            "ipv6_address_count": 0,
            "ipv6_addresses": [],
            "key_name": "my-key-pair",
            "launch_template": [],
            "maintenance_options": [
              {
                "auto_recovery": "default"
              }
            ],
            "metadata_options": [
              {
                "http_endpoint": "enabled",
                "http_protocol_ipv6": "disabled",
                "http_put_response_hop_limit": 1,
                "http_tokens": "optional",
                "instance_metadata_tags": "disabled"
              }
            ],
            "monitoring": false,
            "network_interface": [],
            "outpost_arn": "",
            "password_data": "",
            "placement_group": "",
            "placement_partition_number": 0,
            "primary_network_interface_id": "eni-07306a4f13a36d73d",
            "private_dns": "ip-10-0-1-150.ec2.internal",
            "private_dns_name_options": [
              {
                "enable_resource_name_dns_a_record": false,
                "enable_resource_name_dns_aaaa_record": false,
                "hostname_type": "ip-name"
              }
            ],
            "private_ip": "10.0.1.150",
            "public_dns": "ec2-54-172-231-52.compute-1.amazonaws.com",
            "public_ip": "54.172.231.52",
            "root_block_device": [
              {
                "delete_on_termination": true,
                "device_name": "/dev/xvda",
                "encrypted": false,
                "iops": 100,
                "kms_key_id": "",
                "tags": null,
                "tags_all": {
                  "Environment": "demo",
                  "ManagedBy": "Terraform",
                  "Project": "devops-demo"
                },
                "throughput": 0,
                "volume_id": "vol-0e1132817d433df79",
                "volume_size": 8,
                "volume_type": "gp2"
              }
            ],
            "secondary_private_ips": [],
            "security_groups": [],
            "source_dest_check": true,
            "spot_instance_request_id": "",
            "subnet_id": "subnet-09f7deb10c9cecd98",
            "tags": {
              "Name": "devops-demo-k3s-node"
            },
            "tags_all": {
              "Environment": "demo",
              "ManagedBy": "Terraform",
              "Name": "devops-demo-k3s-node",
              "Project": "devops-demo"
            },
            "tenancy": "default",
            "timeouts": null,
            "user_data": "dc3f6ace423ed8242be16c4d3b643802053ce66b",
            "user_data_base64": null,
            "user_data_replace_on_change": false,
            "volume_tags": null,
            "vpc_security_group_ids": [
              "sg-0d04062039fdd1166"
            ]
          },
          "sensitive_attributes": [],
          "identity_schema_version": 0,
          "private": "eyJlMmJmYjczMC1lY2FhLTExZTYtOGY4OC0zNDM2M2JjN2M0YzAiOnsiY3JlYXRlIjo2MDAwMDAwMDAwMDAsImRlbGV0ZSI6MTIwMDAwMDAwMDAwMCwicmVhZCI6OTAwMDAwMDAwMDAwLCJ1cGRhdGUiOjYwMDAwMDAwMDAwMH0sInNjaGVtYV92ZXJzaW9uIjoiMSJ9",
          "dependencies": [
            "aws_internet_gateway.main",
            "aws_security_group.k3s",
            "aws_subnet.main",
            "aws_vpc.main",
            "data.aws_ami.amazon_linux"
          ]
        }
      ]
    },
    {
      "mode": "managed",
      "type": "aws_internet_gateway",
      "name": "main",
      "provider": "provider[\"registry.terraform.io/hashicorp/aws\"]",
      "instances": [
        {
          "schema_version": 0,
          "attributes": {
            "arn": "arn:aws:ec2:us-east-1:911902230729:internet-gateway/igw-0302df73e02a07e3c",
            "id": "igw-0302df73e02a07e3c",
            "owner_id": "911902230729",
            "tags": {
              "Name": "devops-demo-igw"
            },
            "tags_all": {
              "Environment": "demo",
              "ManagedBy": "Terraform",
              "Name": "devops-demo-igw",
              "Project": "devops-demo"
            },
            "timeouts": null,
            "vpc_id": "vpc-004a7546c78ff4a5f"
          },
          "sensitive_attributes": [],
          "identity_schema_version": 0,
          "private": "eyJlMmJmYjczMC1lY2FhLTExZTYtOGY4OC0zNDM2M2JjN2M0YzAiOnsiY3JlYXRlIjoxMjAwMDAwMDAwMDAwLCJkZWxldGUiOjEyMDAwMDAwMDAwMDAsInVwZGF0ZSI6MTIwMDAwMDAwMDAwMH19",
          "dependencies": [
            "aws_vpc.main"
          ]
        }
      ]
    },
    {
      "mode": "managed",
      "type": "aws_route_table",
      "name": "main",
      "provider": "provider[\"registry.terraform.io/hashicorp/aws\"]",
      "instances": [
        {
          "schema_version": 0,
          "attributes": {
            "arn": "arn:aws:ec2:us-east-1:911902230729:route-table/rtb-0b46e48a8d4eecc38",
            "id": "rtb-0b46e48a8d4eecc38",
            "owner_id": "911902230729",
            "propagating_vgws": [],
            "route": [
              {
                "carrier_gateway_id": "",
                "cidr_block": "0.0.0.0/0",
                "core_network_arn": "",
                "destination_prefix_list_id": "",
                "egress_only_gateway_id": "",
                "gateway_id": "igw-0302df73e02a07e3c",
                "ipv6_cidr_block": "",
                "local_gateway_id": "",
                "nat_gateway_id": "",
                "network_interface_id": "",
                "transit_gateway_id": "",
                "vpc_endpoint_id": "",
                "vpc_peering_connection_id": ""
              }
            ],
            "tags": {
              "Name": "devops-demo-rt"
            },
            "tags_all": {
              "Environment": "demo",
              "ManagedBy": "Terraform",
              "Name": "devops-demo-rt",
              "Project": "devops-demo"
            },
            "timeouts": null,
            "vpc_id": "vpc-004a7546c78ff4a5f"
          },
          "sensitive_attributes": [],
          "identity_schema_version": 0,
          "private": "eyJlMmJmYjczMC1lY2FhLTExZTYtOGY4OC0zNDM2M2JjN2M0YzAiOnsiY3JlYXRlIjozMDAwMDAwMDAwMDAsImRlbGV0ZSI6MzAwMDAwMDAwMDAwLCJ1cGRhdGUiOjEyMDAwMDAwMDAwMH19",
          "dependencies": [
            "aws_internet_gateway.main",
            "aws_vpc.main"
          ]
        }
      ]
    },
    {
      "mode": "managed",
      "type": "aws_route_table_association",
      "name": "main",
      "provider": "provider[\"registry.terraform.io/hashicorp/aws\"]",
      "instances": [
        {
          "schema_version": 0,
          "attributes": {
            "gateway_id": "",
            "id": "rtbassoc-09a2266733738ff82",
            "route_table_id": "rtb-0b46e48a8d4eecc38",
            "subnet_id": "subnet-09f7deb10c9cecd98",
            "timeouts": null
          },
          "sensitive_attributes": [],
          "identity_schema_version": 0,
          "private": "eyJlMmJmYjczMC1lY2FhLTExZTYtOGY4OC0zNDM2M2JjN2M0YzAiOnsiY3JlYXRlIjozMDAwMDAwMDAwMDAsImRlbGV0ZSI6MzAwMDAwMDAwMDAwLCJ1cGRhdGUiOjEyMDAwMDAwMDAwMH19",
          "dependencies": [
            "aws_internet_gateway.main",
            "aws_route_table.main",
            "aws_subnet.main",
            "aws_vpc.main"
          ]
        }
      ]
    },
    {
      "mode": "managed",
      "type": "aws_security_group",
      "name": "k3s",
      "provider": "provider[\"registry.terraform.io/hashicorp/aws\"]",
      "instances": [
        {
          "schema_version": 1,
          "attributes": {
            "arn": "arn:aws:ec2:us-east-1:911902230729:security-group/sg-0d04062039fdd1166",
            "description": "Managed by Terraform",
            "egress": [
              {
                "cidr_blocks": [
                  "0.0.0.0/0"
                ],
                "description": "",
                "from_port": 0,
                "ipv6_cidr_blocks": [],
                "prefix_list_ids": [],
                "protocol": "-1",
                "security_groups": [],
                "self": false,
                "to_port": 0
              }
            ],
            "id": "sg-0d04062039fdd1166",
            "ingress": [
              {
                "cidr_blocks": [
                  "0.0.0.0/0"
                ],
                "description": "",
                "from_port": 30000,
                "ipv6_cidr_blocks": [],
                "prefix_list_ids": [],
                "protocol": "tcp",
                "security_groups": [],
                "self": false,
                "to_port": 32767
              },
              {
                "cidr_blocks": [
                  "0.0.0.0/0"
                ],
                "description": "",
                "from_port": 443,
                "ipv6_cidr_blocks": [],
                "prefix_list_ids": [],
                "protocol": "tcp",
                "security_groups": [],
                "self": false,
                "to_port": 443
              },
              {
                "cidr_blocks": [
                  "0.0.0.0/0"
                ],
                "description": "",
                "from_port": 80,
                "ipv6_cidr_blocks": [],
                "prefix_list_ids": [],
                "protocol": "tcp",
                "security_groups": [],
                "self": false,
                "to_port": 80
              },
              {
                "cidr_blocks": [
                  "41.69.174.222/32"
                ],
                "description": "",
                "from_port": 22,
                "ipv6_cidr_blocks": [],
                "prefix_list_ids": [],
                "protocol": "tcp",
                "security_groups": [],
                "self": false,
                "to_port": 22
              },
              {
                "cidr_blocks": [
                  "41.69.174.222/32"
                ],
                "description": "",
                "from_port": 6443,
                "ipv6_cidr_blocks": [],
                "prefix_list_ids": [],
                "protocol": "tcp",
                "security_groups": [],
                "self": false,
                "to_port": 6443
              }
            ],
            "name": "devops-demo-k3s-20250814002353263700000001",
            "name_prefix": "devops-demo-k3s-",
            "owner_id": "911902230729",
            "revoke_rules_on_delete": false,
            "tags": {
              "Name": "devops-demo-k3s-sg"
            },
            "tags_all": {
              "Environment": "demo",
              "ManagedBy": "Terraform",
              "Name": "devops-demo-k3s-sg",
              "Project": "devops-demo"
            },
            "timeouts": null,
            "vpc_id": "vpc-004a7546c78ff4a5f"
          },
          "sensitive_attributes": [],
          "identity_schema_version": 0,
          "private": "eyJlMmJmYjczMC1lY2FhLTExZTYtOGY4OC0zNDM2M2JjN2M0YzAiOnsiY3JlYXRlIjo2MDAwMDAwMDAwMDAsImRlbGV0ZSI6OTAwMDAwMDAwMDAwfSwic2NoZW1hX3ZlcnNpb24iOiIxIn0=",
          "dependencies": [
            "aws_vpc.main"
          ]
        }
      ]
    },
    {
      "mode": "managed",
      "type": "aws_subnet",
      "name": "main",
      "provider": "provider[\"registry.terraform.io/hashicorp/aws\"]",
      "instances": [
        {
          "schema_version": 1,
          "attributes": {
            "arn": "arn:aws:ec2:us-east-1:911902230729:subnet/subnet-09f7deb10c9cecd98",
            "assign_ipv6_address_on_creation": false,
            "availability_zone": "us-east-1a",
            "availability_zone_id": "use1-az4",
            "cidr_block": "10.0.1.0/24",
            "customer_owned_ipv4_pool": "",
            "enable_dns64": false,
            "enable_lni_at_device_index": 0,
            "enable_resource_name_dns_a_record_on_launch": false,
            "enable_resource_name_dns_aaaa_record_on_launch": false,
            "id": "subnet-09f7deb10c9cecd98",
            "ipv6_cidr_block": "",
            "ipv6_cidr_block_association_id": "",
            "ipv6_native": false,
            "map_customer_owned_ip_on_launch": false,
            "map_public_ip_on_launch": true,
            "outpost_arn": "",
            "owner_id": "911902230729",
            "private_dns_hostname_type_on_launch": "ip-name",
            "tags": {
              "Name": "devops-demo-subnet"
            },
            "tags_all": {
              "Environment": "demo",
              "ManagedBy": "Terraform",
              "Name": "devops-demo-subnet",
              "Project": "devops-demo"
            },
            "timeouts": null,
            "vpc_id": "vpc-004a7546c78ff4a5f"
          },
          "sensitive_attributes": [],
          "identity_schema_version": 0,
          "private": "eyJlMmJmYjczMC1lY2FhLTExZTYtOGY4OC0zNDM2M2JjN2M0YzAiOnsiY3JlYXRlIjo2MDAwMDAwMDAwMDAsImRlbGV0ZSI6MTIwMDAwMDAwMDAwMH0sInNjaGVtYV92ZXJzaW9uIjoiMSJ9",
          "dependencies": [
            "aws_vpc.main"
          ]
        }
      ]
    },
    {
      "mode": "managed",
      "type": "aws_vpc",
      "name": "main",
      "provider": "provider[\"registry.terraform.io/hashicorp/aws\"]",
      "instances": [
        {
          "schema_version": 1,
          "attributes": {
            "arn": "arn:aws:ec2:us-east-1:911902230729:vpc/vpc-004a7546c78ff4a5f",
            "assign_generated_ipv6_cidr_block": false,
            "cidr_block": "10.0.0.0/16",
            "default_network_acl_id": "acl-0f2678918d1e6a7d6",
            "default_route_table_id": "rtb-0ca7c9fa7dd4760be",
            "default_security_group_id": "sg-0cc07ec8f35373d33",
            "dhcp_options_id": "dopt-0eb0e06a07d0373b8",
            "enable_dns_hostnames": true,
            "enable_dns_support": true,
            "enable_network_address_usage_metrics": false,
            "id": "vpc-004a7546c78ff4a5f",
            "instance_tenancy": "default",
            "ipv4_ipam_pool_id": null,
            "ipv4_netmask_length": null,
            "ipv6_association_id": "",
            "ipv6_cidr_block": "",
            "ipv6_cidr_block_network_border_group": "",
            "ipv6_ipam_pool_id": "",
            "ipv6_netmask_length": 0,
            "main_route_table_id": "rtb-0ca7c9fa7dd4760be",
            "owner_id": "911902230729",
            "tags": {
              "Name": "devops-demo-vpc"
            },
            "tags_all": {
              "Environment": "demo",
              "ManagedBy": "Terraform",
              "Name": "devops-demo-vpc",
              "Project": "devops-demo"
            }
          },
          "sensitive_attributes": [],
          "identity_schema_version": 0,
          "private": "eyJzY2hlbWFfdmVyc2lvbiI6IjEifQ=="
        }
      ]
    }
  ],
  "check_results": [
    {
      "object_kind": "var",
      "config_addr": "var.instance_type",
      "status": "pass",
      "objects": [
        {
          "object_addr": "var.instance_type",
          "status": "pass"
        }
      ]
    },
    {
      "object_kind": "var",
      "config_addr": "var.ssh_cidr",
      "status": "pass",
      "objects": [
        {
          "object_addr": "var.ssh_cidr",
          "status": "pass"
        }
      ]
    }
  ]
}
